
Microsoft Visual Studio Solution File, Format Version 12.00
# Visual Studio Version 16
VisualStudioVersion = 16.0.31025.194
MinimumVisualStudioVersion = 10.0.40219.1
Project("{FAE04EC0-301F-11D3-BF4B-00C04F79EFBC}") = "dotBlog", "dotBlog\dotBlog.csproj", "{366A4845-59B0-4274-A3F4-76B2647D19F9}"
EndProject
Project("{FAE04EC0-301F-11D3-BF4B-00C04F79EFBC}") = "dotBlog.Data", "dotBlog.Data\dotBlog.Data.csproj", "{8E92A60E-9EA6-4547-B313-8248F730C9E6}"
EndProject
Project("{FAE04EC0-301F-11D3-BF4B-00C04F79EFBC}") = "dotBlog.Services", "dotBlog.Services\dotBlog.Services.csproj", "{B9A23E52-7D69-4723-A1B0-40A4B9ED5002}"
EndProject
Global
	GlobalSection(SolutionConfigurationPlatforms) = preSolution
		Debug|Any CPU = Debug|Any CPU
		Release|Any CPU = Release|Any CPU
	EndGlobalSection
	GlobalSection(ProjectConfigurationPlatforms) = postSolution
		{366A4845-59B0-4274-A3F4-76B2647D19F9}.Debug|Any CPU.ActiveCfg = Debug|Any CPU
		{366A4845-59B0-4274-A3F4-76B2647D19F9}.Debug|Any CPU.Build.0 = Debug|Any CPU
		{366A4845-59B0-4274-A3F4-76B2647D19F9}.Release|Any CPU.ActiveCfg = Release|Any CPU
		{366A4845-59B0-4274-A3F4-76B2647D19F9}.Release|Any CPU.Build.0 = Release|Any CPU
		{8E92A60E-9EA6-4547-B313-8248F730C9E6}.Debug|Any CPU.ActiveCfg = Debug|Any CPU
		{8E92A60E-9EA6-4547-B313-8248F730C9E6}.Debug|Any CPU.Build.0 = Debug|Any CPU
		{8E92A60E-9EA6-4547-B313-8248F730C9E6}.Release|Any CPU.ActiveCfg = Release|Any CPU
		{8E92A60E-9EA6-4547-B313-8248F730C9E6}.Release|Any CPU.Build.0 = Release|Any CPU
		{B9A23E52-7D69-4723-A1B0-40A4B9ED5002}.Debug|Any CPU.ActiveCfg = Debug|Any CPU
		{B9A23E52-7D69-4723-A1B0-40A4B9ED5002}.Debug|Any CPU.Build.0 = Debug|Any CPU
		{B9A23E52-7D69-4723-A1B0-40A4B9ED5002}.Release|Any CPU.ActiveCfg = Release|Any CPU
		{B9A23E52-7D69-4723-A1B0-40A4B9ED5002}.Release|Any CPU.Build.0 = Release|Any CPU
	EndGlobalSection
	GlobalSection(SolutionProperties) = preSolution
		HideSolutionNode = FALSE
	EndGlobalSection
	GlobalSection(ExtensibilityGlobals) = postSolution
		SolutionGuid = {D7274253-C8B1-4A50-9D6B-14A50DBCA2A6}
	EndGlobalSection
EndGlobal
